
Microsoft Visual Studio Solution File, Format Version 12.00
# Visual Studio 15
VisualStudioVersion = 15.0.28307.852
MinimumVisualStudioVersion = 10.0.40219.1
Project("{FAE04EC0-301F-11D3-BF4B-00C04F79EFBC}") = "WebApp", "WebApp\WebApp.csproj", "{0CD8146E-4C69-43DE-970B-3DCC5728167D}"
EndProject
Global
	GlobalSection(SolutionConfigurationPlatforms) = preSolution
		Debug|Any CPU = Debug|Any CPU
		Release|Any CPU = Release|Any CPU
	EndGlobalSection
	GlobalSection(ProjectConfigurationPlatforms) = postSolution
		{0CD8146E-4C69-43DE-970B-3DCC5728167D}.Debug|Any CPU.ActiveCfg = Debug|Any CPU
		{0CD8146E-4C69-43DE-970B-3DCC5728167D}.Debug|Any CPU.Build.0 = Debug|Any CPU
		{0CD8146E-4C69-43DE-970B-3DCC5728167D}.Release|Any CPU.ActiveCfg = Release|Any CPU
		{0CD8146E-4C69-43DE-970B-3DCC5728167D}.Release|Any CPU.Build.0 = Release|Any CPU
	EndGlobalSection
	GlobalSection(SolutionProperties) = preSolution
		HideSolutionNode = FALSE
	EndGlobalSection
	GlobalSection(ExtensibilityGlobals) = postSolution
		SolutionGuid = {B177A10D-AADA-484B-B728-C2F245C59858}
	EndGlobalSection
EndGlobal
